
Microsoft Visual Studio Solution File, Format Version 12.00
# Visual Studio Version 16
VisualStudioVersion = 16.0.30907.101
MinimumVisualStudioVersion = 10.0.40219.1
Project("{9A19103F-16F7-4668-BE54-9A1E7A4F7556}") = "FunkyPipelineChat.Server", "FunkyPipelineChat.Server\FunkyPipelineChat.Server.csproj", "{FCEEEB7B-2AF0-4BCC-9F45-317CDBA5AA3A}"
EndProject
Project("{FAE04EC0-301F-11D3-BF4B-00C04F79EFBC}") = "FunkyPipelineChat.Client", "FunkyPipelineChat.Client\FunkyPipelineChat.Client.csproj", "{4E8CBB8F-BA7A-4282-933B-0B33447E1ADC}"
EndProject
Global
	GlobalSection(SolutionConfigurationPlatforms) = preSolution
		Debug|Any CPU = Debug|Any CPU
		Release|Any CPU = Release|Any CPU
	EndGlobalSection
	GlobalSection(ProjectConfigurationPlatforms) = postSolution
		{FCEEEB7B-2AF0-4BCC-9F45-317CDBA5AA3A}.Debug|Any CPU.ActiveCfg = Debug|Any CPU
		{FCEEEB7B-2AF0-4BCC-9F45-317CDBA5AA3A}.Debug|Any CPU.Build.0 = Debug|Any CPU
		{FCEEEB7B-2AF0-4BCC-9F45-317CDBA5AA3A}.Release|Any CPU.ActiveCfg = Release|Any CPU
		{FCEEEB7B-2AF0-4BCC-9F45-317CDBA5AA3A}.Release|Any CPU.Build.0 = Release|Any CPU
		{4E8CBB8F-BA7A-4282-933B-0B33447E1ADC}.Debug|Any CPU.ActiveCfg = Debug|Any CPU
		{4E8CBB8F-BA7A-4282-933B-0B33447E1ADC}.Debug|Any CPU.Build.0 = Debug|Any CPU
		{4E8CBB8F-BA7A-4282-933B-0B33447E1ADC}.Release|Any CPU.ActiveCfg = Release|Any CPU
		{4E8CBB8F-BA7A-4282-933B-0B33447E1ADC}.Release|Any CPU.Build.0 = Release|Any CPU
	EndGlobalSection
	GlobalSection(SolutionProperties) = preSolution
		HideSolutionNode = FALSE
	EndGlobalSection
	GlobalSection(ExtensibilityGlobals) = postSolution
		SolutionGuid = {8BF7774E-F663-41E7-B802-B3142BD744F8}
	EndGlobalSection
EndGlobal
